
Microsoft Visual Studio Solution File, Format Version 12.00
# Visual Studio Version 16
VisualStudioVersion = 16.0.29025.244
MinimumVisualStudioVersion = 10.0.40219.1
Project("{9A19103F-16F7-4668-BE54-9A1E7A4F7556}") = "MockPremierLeague.API", "MockPremierLeague.API\MockPremierLeague.API.csproj", "{A2643F56-239F-469B-8228-AF9A063A484D}"
EndProject
Project("{9A19103F-16F7-4668-BE54-9A1E7A4F7556}") = "MockPremierLeague.NUnitTest", "MockPremierLeague.NUnitTest\MockPremierLeague.NUnitTest.csproj", "{2B3E997D-1014-4E2B-A3F8-671D0FDB4873}"
EndProject
Global
	GlobalSection(SolutionConfigurationPlatforms) = preSolution
		Debug|Any CPU = Debug|Any CPU
		Release|Any CPU = Release|Any CPU
	EndGlobalSection
	GlobalSection(ProjectConfigurationPlatforms) = postSolution
		{A2643F56-239F-469B-8228-AF9A063A484D}.Debug|Any CPU.ActiveCfg = Debug|Any CPU
		{A2643F56-239F-469B-8228-AF9A063A484D}.Debug|Any CPU.Build.0 = Debug|Any CPU
		{A2643F56-239F-469B-8228-AF9A063A484D}.Release|Any CPU.ActiveCfg = Release|Any CPU
		{A2643F56-239F-469B-8228-AF9A063A484D}.Release|Any CPU.Build.0 = Release|Any CPU
		{2B3E997D-1014-4E2B-A3F8-671D0FDB4873}.Debug|Any CPU.ActiveCfg = Debug|Any CPU
		{2B3E997D-1014-4E2B-A3F8-671D0FDB4873}.Debug|Any CPU.Build.0 = Debug|Any CPU
		{2B3E997D-1014-4E2B-A3F8-671D0FDB4873}.Release|Any CPU.ActiveCfg = Release|Any CPU
		{2B3E997D-1014-4E2B-A3F8-671D0FDB4873}.Release|Any CPU.Build.0 = Release|Any CPU
	EndGlobalSection
	GlobalSection(SolutionProperties) = preSolution
		HideSolutionNode = FALSE
	EndGlobalSection
	GlobalSection(ExtensibilityGlobals) = postSolution
		SolutionGuid = {9861E495-BB36-4815-9436-F7A4052F8C9B}
	EndGlobalSection
EndGlobal
